// !$*UTF8*$!
{
	archiveVersion = 1;
	classes = {
	};
	objectVersion = 46;
	objects = {

/* Begin PBXBuildFile section */
		14047924175E847A000CAB44 /* UIKit.framework in Frameworks */ = {isa = PBXBuildFile; fileRef = 14047923175E847A000CAB44 /* UIKit.framework */; };
		14047926175E847A000CAB44 /* Foundation.framework in Frameworks */ = {isa = PBXBuildFile; fileRef = 14047925175E847A000CAB44 /* Foundation.framework */; };
		14047928175E847A000CAB44 /* CoreGraphics.framework in Frameworks */ = {isa = PBXBuildFile; fileRef = 14047927175E847A000CAB44 /* CoreGraphics.framework */; };
		1404792E175E847A000CAB44 /* InfoPlist.strings in Resources */ = {isa = PBXBuildFile; fileRef = 1404792C175E847A000CAB44 /* InfoPlist.strings */; };
		14047930175E847A000CAB44 /* main.m in Sources */ = {isa = PBXBuildFile; fileRef = 1404792F175E847A000CAB44 /* main.m */; };
		14047934175E847A000CAB44 /* AppDelegate.m in Sources */ = {isa = PBXBuildFile; fileRef = 14047933175E847A000CAB44 /* AppDelegate.m */; };
		14047936175E847A000CAB44 /* Default.png in Resources */ = {isa = PBXBuildFile; fileRef = 14047935175E847A000CAB44 /* Default.png */; };
		14047938175E847A000CAB44 /* Default@2x.png in Resources */ = {isa = PBXBuildFile; fileRef = 14047937175E847A000CAB44 /* Default@2x.png */; };
		1404793A175E847A000CAB44 /* Default-568h@2x.png in Resources */ = {isa = PBXBuildFile; fileRef = 14047939175E847A000CAB44 /* Default-568h@2x.png */; };
		1404793D175E847A000CAB44 /* MainStoryboard_iPhone.storyboard in Resources */ = {isa = PBXBuildFile; fileRef = 1404793B175E847A000CAB44 /* MainStoryboard_iPhone.storyboard */; };
		14047940175E847A000CAB44 /* MainStoryboard_iPad.storyboard in Resources */ = {isa = PBXBuildFile; fileRef = 1404793E175E847A000CAB44 /* MainStoryboard_iPad.storyboard */; };
		14047943175E847A000CAB44 /* ViewController.m in Sources */ = {isa = PBXBuildFile; fileRef = 14047942175E847A000CAB44 /* ViewController.m */; };
/* End PBXBuildFile section */

/* Begin PBXFileReference section */
		14047920175E847A000CAB44 /* UZPopupView.app */ = {isa = PBXFileReference; explicitFileType = wrapper.application; includeInIndex = 0; path = UZPopupView.app; sourceTree = BUILT_PRODUCTS_DIR; };
		14047923175E847A000CAB44 /* UIKit.framework */ = {isa = PBXFileReference; lastKnownFileType = wrapper.framework; name = UIKit.framework; path = System/Library/Frameworks/UIKit.framework; sourceTree = SDKROOT; };
		14047925175E847A000CAB44 /* Foundation.framework */ = {isa = PBXFileReference; lastKnownFileType = wrapper.framework; name = Foundation.framework; path = System/Library/Frameworks/Foundation.framework; sourceTree = SDKROOT; };
		14047927175E847A000CAB44 /* CoreGraphics.framework */ = {isa = PBXFileReference; lastKnownFileType = wrapper.framework; name = CoreGraphics.framework; path = System/Library/Frameworks/CoreGraphics.framework; sourceTree = SDKROOT; };
		1404792B175E847A000CAB44 /* UZPopupView-Info.plist */ = {isa = PBXFileReference; lastKnownFileType = text.plist.xml; path = "UZPopupView-Info.plist"; sourceTree = "<group>"; };
		1404792D175E847A000CAB44 /* en */ = {isa = PBXFileReference; lastKnownFileType = text.plist.strings; name = en; path = en.lproj/InfoPlist.strings; sourceTree = "<group>"; };
		1404792F175E847A000CAB44 /* main.m */ = {isa = PBXFileReference; lastKnownFileType = sourcecode.c.objc; path = main.m; sourceTree = "<group>"; };
		14047931175E847A000CAB44 /* UZPopupView-Prefix.pch */ = {isa = PBXFileReference; lastKnownFileType = sourcecode.c.h; path = "UZPopupView-Prefix.pch"; sourceTree = "<group>"; };
		14047932175E847A000CAB44 /* AppDelegate.h */ = {isa = PBXFileReference; lastKnownFileType = sourcecode.c.h; path = AppDelegate.h; sourceTree = "<group>"; };
		14047933175E847A000CAB44 /* AppDelegate.m */ = {isa = PBXFileReference; lastKnownFileType = sourcecode.c.objc; path = AppDelegate.m; sourceTree = "<group>"; };
		14047935175E847A000CAB44 /* Default.png */ = {isa = PBXFileReference; lastKnownFileType = image.png; path = Default.png; sourceTree = "<group>"; };
		14047937175E847A000CAB44 /* Default@2x.png */ = {isa = PBXFileReference; lastKnownFileType = image.png; path = "Default@2x.png"; sourceTree = "<group>"; };
		14047939175E847A000CAB44 /* Default-568h@2x.png */ = {isa = PBXFileReference; lastKnownFileType = image.png; path = "Default-568h@2x.png"; sourceTree = "<group>"; };
		1404793C175E847A000CAB44 /* en */ = {isa = PBXFileReference; lastKnownFileType = file.storyboard; name = en; path = en.lproj/MainStoryboard_iPhone.storyboard; sourceTree = "<group>"; };
		1404793F175E847A000CAB44 /* en */ = {isa = PBXFileReference; lastKnownFileType = file.storyboard; name = en; path = en.lproj/MainStoryboard_iPad.storyboard; sourceTree = "<group>"; };
		14047941175E847A000CAB44 /* ViewController.h */ = {isa = PBXFileReference; lastKnownFileType = sourcecode.c.h; path = ViewController.h; sourceTree = "<group>"; };
		14047942175E847A000CAB44 /* ViewController.m */ = {isa = PBXFileReference; lastKnownFileType = sourcecode.c.objc; path = ViewController.m; sourceTree = "<group>"; };
/* End PBXFileReference section */

/* Begin PBXFrameworksBuildPhase section */
		1404791D175E847A000CAB44 /* Frameworks */ = {
			isa = PBXFrameworksBuildPhase;
			buildActionMask = 2147483647;
			files = (
				14047924175E847A000CAB44 /* UIKit.framework in Frameworks */,
				14047926175E847A000CAB44 /* Foundation.framework in Frameworks */,
				14047928175E847A000CAB44 /* CoreGraphics.framework in Frameworks */,
			);
			runOnlyForDeploymentPostprocessing = 0;
		};
/* End PBXFrameworksBuildPhase section */

/* Begin PBXGroup section */
		14047917175E847A000CAB44 = {
			isa = PBXGroup;
			children = (
				14047929175E847A000CAB44 /* UZPopupView */,
				14047922175E847A000CAB44 /* Frameworks */,
				14047921175E847A000CAB44 /* Products */,
			);
			sourceTree = "<group>";
		};
		14047921175E847A000CAB44 /* Products */ = {
			isa = PBXGroup;
			children = (
				14047920175E847A000CAB44 /* UZPopupView.app */,
			);
			name = Products;
			sourceTree = "<group>";
		};
		14047922175E847A000CAB44 /* Frameworks */ = {
			isa = PBXGroup;
			children = (
				14047923175E847A000CAB44 /* UIKit.framework */,
				14047925175E847A000CAB44 /* Foundation.framework */,
				14047927175E847A000CAB44 /* CoreGraphics.framework */,
			);
			name = Frameworks;
			sourceTree = "<group>";
		};
		14047929175E847A000CAB44 /* UZPopupView */ = {
			isa = PBXGroup;
			children = (
				14047932175E847A000CAB44 /* AppDelegate.h */,
				14047933175E847A000CAB44 /* AppDelegate.m */,
				1404793B175E847A000CAB44 /* MainStoryboard_iPhone.storyboard */,
				1404793E175E847A000CAB44 /* MainStoryboard_iPad.storyboard */,
				14047941175E847A000CAB44 /* ViewController.h */,
				14047942175E847A000CAB44 /* ViewController.m */,
				1404792A175E847A000CAB44 /* Supporting Files */,
			);
			path = UZPopupView;
			sourceTree = "<group>";
		};
		1404792A175E847A000CAB44 /* Supporting Files */ = {
			isa = PBXGroup;
			children = (
				1404792B175E847A000CAB44 /* UZPopupView-Info.plist */,
				1404792C175E847A000CAB44 /* InfoPlist.strings */,
				1404792F175E847A000CAB44 /* main.m */,
				14047931175E847A000CAB44 /* UZPopupView-Prefix.pch */,
				14047935175E847A000CAB44 /* Default.png */,
				14047937175E847A000CAB44 /* Default@2x.png */,
				14047939175E847A000CAB44 /* Default-568h@2x.png */,
			);
			name = "Supporting Files";
			sourceTree = "<group>";
		};
/* End PBXGroup section */

/* Begin PBXNativeTarget section */
		1404791F175E847A000CAB44 /* UZPopupView */ = {
			isa = PBXNativeTarget;
			buildConfigurationList = 14047946175E847A000CAB44 /* Build configuration list for PBXNativeTarget "UZPopupView" */;
			buildPhases = (
				1404791C175E847A000CAB44 /* Sources */,
				1404791D175E847A000CAB44 /* Frameworks */,
				1404791E175E847A000CAB44 /* Resources */,
			);
			buildRules = (
			);
			dependencies = (
			);
			name = UZPopupView;
			productName = UZPopupView;
			productReference = 14047920175E847A000CAB44 /* UZPopupView.app */;
			productType = "com.apple.product-type.application";
		};
/* End PBXNativeTarget section */

/* Begin PBXProject section */
		14047918175E847A000CAB44 /* Project object */ = {
			isa = PBXProject;
			attributes = {
				LastUpgradeCheck = 0460;
				ORGANIZATIONNAME = sonson;
			};
			buildConfigurationList = 1404791B175E847A000CAB44 /* Build configuration list for PBXProject "UZPopupView" */;
			compatibilityVersion = "Xcode 3.2";
			developmentRegion = English;
			hasScannedForEncodings = 0;
			knownRegions = (
				en,
			);
			mainGroup = 14047917175E847A000CAB44;
			productRefGroup = 14047921175E847A000CAB44 /* Products */;
			projectDirPath = "";
			projectRoot = "";
			targets = (
				1404791F175E847A000CAB44 /* UZPopupView */,
			);
		};
/* End PBXProject section */

/* Begin PBXResourcesBuildPhase section */
		1404791E175E847A000CAB44 /* Resources */ = {
			isa = PBXResourcesBuildPhase;
			buildActionMask = 2147483647;
			files = (
				1404792E175E847A000CAB44 /* InfoPlist.strings in Resources */,
				14047936175E847A000CAB44 /* Default.png in Resources */,
				14047938175E847A000CAB44 /* Default@2x.png in Resources */,
				1404793A175E847A000CAB44 /* Default-568h@2x.png in Resources */,
				1404793D175E847A000CAB44 /* MainStoryboard_iPhone.storyboard in Resources */,
				14047940175E847A000CAB44 /* MainStoryboard_iPad.storyboard in Resources */,
			);
			runOnlyForDeploymentPostprocessing = 0;
		};
/* End PBXResourcesBuildPhase section */

/* Begin PBXSourcesBuildPhase section */
		1404791C175E847A000CAB44 /* Sources */ = {
			isa = PBXSourcesBuildPhase;
			buildActionMask = 2147483647;
			files = (
				14047930175E847A000CAB44 /* main.m in Sources */,
				14047934175E847A000CAB44 /* AppDelegate.m in Sources */,
				14047943175E847A000CAB44 /* ViewController.m in Sources */,
			);
			runOnlyForDeploymentPostprocessing = 0;
		};
/* End PBXSourcesBuildPhase section */

/* Begin PBXVariantGroup section */
		1404792C175E847A000CAB44 /* InfoPlist.strings */ = {
			isa = PBXVariantGroup;
			children = (
				1404792D175E847A000CAB44 /* en */,
			);
			name = InfoPlist.strings;
			sourceTree = "<group>";
		};
		1404793B175E847A000CAB44 /* MainStoryboard_iPhone.storyboard */ = {
			isa = PBXVariantGroup;
			children = (
				1404793C175E847A000CAB44 /* en */,
			);
			name = MainStoryboard_iPhone.storyboard;
			sourceTree = "<group>";
		};
		1404793E175E847A000CAB44 /* MainStoryboard_iPad.storyboard */ = {
			isa = PBXVariantGroup;
			children = (
				1404793F175E847A000CAB44 /* en */,
			);
			name = MainStoryboard_iPad.storyboard;
			sourceTree = "<group>";
		};
/* End PBXVariantGroup section */

/* Begin XCBuildConfiguration section */
		14047944175E847A000CAB44 /* Debug */ = {
			isa = XCBuildConfiguration;
			buildSettings = {
				ALWAYS_SEARCH_USER_PATHS = NO;
				CLANG_CXX_LANGUAGE_STANDARD = "gnu++0x";
				CLANG_CXX_LIBRARY = "libc++";
				CLANG_ENABLE_OBJC_ARC = YES;
				CLANG_WARN_CONSTANT_CONVERSION = YES;
				CLANG_WARN_EMPTY_BODY = YES;
				CLANG_WARN_ENUM_CONVERSION = YES;
				CLANG_WARN_INT_CONVERSION = YES;
				CLANG_WARN__DUPLICATE_METHOD_MATCH = YES;
				"CODE_SIGN_IDENTITY[sdk=iphoneos*]" = "iPhone Developer";
				COPY_PHASE_STRIP = NO;
				GCC_C_LANGUAGE_STANDARD = gnu99;
				GCC_DYNAMIC_NO_PIC = NO;
				GCC_OPTIMIZATION_LEVEL = 0;
				GCC_PREPROCESSOR_DEFINITIONS = (
					"DEBUG=1",
					"$(inherited)",
				);
				GCC_SYMBOLS_PRIVATE_EXTERN = NO;
				GCC_WARN_ABOUT_RETURN_TYPE = YES;
				GCC_WARN_UNINITIALIZED_AUTOS = YES;
				GCC_WARN_UNUSED_VARIABLE = YES;
				IPHONEOS_DEPLOYMENT_TARGET = 6.1;
				ONLY_ACTIVE_ARCH = YES;
				SDKROOT = iphoneos;
				TARGETED_DEVICE_FAMILY = "1,2";
			};
			name = Debug;
		};
		14047945175E847A000CAB44 /* Release */ = {
			isa = XCBuildConfiguration;
			buildSettings = {
				ALWAYS_SEARCH_USER_PATHS = NO;
				CLANG_CXX_LANGUAGE_STANDARD = "gnu++0x";
				CLANG_CXX_LIBRARY = "libc++";
				CLANG_ENABLE_OBJC_ARC = YES;
				CLANG_WARN_CONSTANT_CONVERSION = YES;
				CLANG_WARN_EMPTY_BODY = YES;
				CLANG_WARN_ENUM_CONVERSION = YES;
				CLANG_WARN_INT_CONVERSION = YES;
				CLANG_WARN__DUPLICATE_METHOD_MATCH = YES;
				"CODE_SIGN_IDENTITY[sdk=iphoneos*]" = "iPhone Developer";
				COPY_PHASE_STRIP = YES;
				GCC_C_LANGUAGE_STANDARD = gnu99;
				GCC_WARN_ABOUT_RETURN_TYPE = YES;
				GCC_WARN_UNINITIALIZED_AUTOS = YES;
				GCC_WARN_UNUSED_VARIABLE = YES;
				IPHONEOS_DEPLOYMENT_TARGET = 6.1;
				OTHER_CFLAGS = "-DNS_BLOCK_ASSERTIONS=1";
				SDKROOT = iphoneos;
				TARGETED_DEVICE_FAMILY = "1,2";
				VALIDATE_PRODUCT = YES;
			};
			name = Release;
		};
		14047947175E847A000CAB44 /* Debug */ = {
			isa = XCBuildConfiguration;
			buildSettings = {
				GCC_PRECOMPILE_PREFIX_HEADER = YES;
				GCC_PREFIX_HEADER = "UZPopupView/UZPopupView-Prefix.pch";
				INFOPLIST_FILE = "UZPopupView/UZPopupView-Info.plist";
				PRODUCT_NAME = "$(TARGET_NAME)";
				WRAPPER_EXTENSION = app;
			};
			name = Debug;
		};
		14047948175E847A000CAB44 /* Release */ = {
			isa = XCBuildConfiguration;
			buildSettings = {
				GCC_PRECOMPILE_PREFIX_HEADER = YES;
				GCC_PREFIX_HEADER = "UZPopupView/UZPopupView-Prefix.pch";
				INFOPLIST_FILE = "UZPopupView/UZPopupView-Info.plist";
				PRODUCT_NAME = "$(TARGET_NAME)";
				WRAPPER_EXTENSION = app;
			};
			name = Release;
		};
/* End XCBuildConfiguration section */

/* Begin XCConfigurationList section */
		1404791B175E847A000CAB44 /* Build configuration list for PBXProject "UZPopupView" */ = {
			isa = XCConfigurationList;
			buildConfigurations = (
				14047944175E847A000CAB44 /* Debug */,
				14047945175E847A000CAB44 /* Release */,
			);
			defaultConfigurationIsVisible = 0;
			defaultConfigurationName = Release;
		};
		14047946175E847A000CAB44 /* Build configuration list for PBXNativeTarget "UZPopupView" */ = {
			isa = XCConfigurationList;
			buildConfigurations = (
				14047947175E847A000CAB44 /* Debug */,
				14047948175E847A000CAB44 /* Release */,
			);
			defaultConfigurationIsVisible = 0;
		};
/* End XCConfigurationList section */
	};
	rootObject = 14047918175E847A000CAB44 /* Project object */;
}
