// !$*UTF8*$!
{
	archiveVersion = 1;
	classes = {
	};
	objectVersion = 45;
	objects = {

/* Begin PBXBuildFile section */
		1427AFDF127F02840082F84D /* QuartzCore.framework in Frameworks */ = {isa = PBXBuildFile; fileRef = 1427AFDE127F02840082F84D /* QuartzCore.framework */; };
		143F9FFE139756270008ACE0 /* 2tchSmall.png in Resources */ = {isa = PBXBuildFile; fileRef = 143F9FF4139756270008ACE0 /* 2tchSmall.png */; };
		143F9FFF139756270008ACE0 /* main.m in Sources */ = {isa = PBXBuildFile; fileRef = 143F9FF5139756270008ACE0 /* main.m */; };
		143FA000139756270008ACE0 /* MainWindow.xib in Resources */ = {isa = PBXBuildFile; fileRef = 143F9FF6139756270008ACE0 /* MainWindow.xib */; };
		143FA001139756270008ACE0 /* PopupViewTest-Info.plist in Resources */ = {isa = PBXBuildFile; fileRef = 143F9FF8139756270008ACE0 /* PopupViewTest-Info.plist */; };
		143FA002139756270008ACE0 /* PopupViewTestAppDelegate.m in Sources */ = {isa = PBXBuildFile; fileRef = 143F9FFA139756270008ACE0 /* PopupViewTestAppDelegate.m */; };
		143FA003139756270008ACE0 /* PopupViewTestViewController.m in Sources */ = {isa = PBXBuildFile; fileRef = 143F9FFC139756270008ACE0 /* PopupViewTestViewController.m */; };
		143FA004139756270008ACE0 /* PopupViewTestViewController.xib in Resources */ = {isa = PBXBuildFile; fileRef = 143F9FFD139756270008ACE0 /* PopupViewTestViewController.xib */; };
		143FA0071397562D0008ACE0 /* SNPopupView.m in Sources */ = {isa = PBXBuildFile; fileRef = 143FA0061397562D0008ACE0 /* SNPopupView.m */; };
		1D60589F0D05DD5A006BFB54 /* Foundation.framework in Frameworks */ = {isa = PBXBuildFile; fileRef = 1D30AB110D05D00D00671497 /* Foundation.framework */; };
		1DF5F4E00D08C38300B7A737 /* UIKit.framework in Frameworks */ = {isa = PBXBuildFile; fileRef = 1DF5F4DF0D08C38300B7A737 /* UIKit.framework */; };
		288765A50DF7441C002DB57D /* CoreGraphics.framework in Frameworks */ = {isa = PBXBuildFile; fileRef = 288765A40DF7441C002DB57D /* CoreGraphics.framework */; };
/* End PBXBuildFile section */

/* Begin PBXFileReference section */
		1427AFDE127F02840082F84D /* QuartzCore.framework */ = {isa = PBXFileReference; lastKnownFileType = wrapper.framework; name = QuartzCore.framework; path = System/Library/Frameworks/QuartzCore.framework; sourceTree = SDKROOT; };
		143F9FF4139756270008ACE0 /* 2tchSmall.png */ = {isa = PBXFileReference; lastKnownFileType = image.png; name = 2tchSmall.png; path = PopupViewTest/2tchSmall.png; sourceTree = SOURCE_ROOT; };
		143F9FF5139756270008ACE0 /* main.m */ = {isa = PBXFileReference; fileEncoding = 4; lastKnownFileType = sourcecode.c.objc; name = main.m; path = PopupViewTest/main.m; sourceTree = SOURCE_ROOT; };
		143F9FF6139756270008ACE0 /* MainWindow.xib */ = {isa = PBXFileReference; fileEncoding = 4; lastKnownFileType = file.xib; name = MainWindow.xib; path = PopupViewTest/MainWindow.xib; sourceTree = SOURCE_ROOT; };
		143F9FF7139756270008ACE0 /* PopupViewTest_Prefix.pch */ = {isa = PBXFileReference; fileEncoding = 4; lastKnownFileType = sourcecode.c.h; name = PopupViewTest_Prefix.pch; path = PopupViewTest/PopupViewTest_Prefix.pch; sourceTree = SOURCE_ROOT; };
		143F9FF8139756270008ACE0 /* PopupViewTest-Info.plist */ = {isa = PBXFileReference; fileEncoding = 4; lastKnownFileType = text.plist.xml; name = "PopupViewTest-Info.plist"; path = "PopupViewTest/PopupViewTest-Info.plist"; sourceTree = SOURCE_ROOT; };
		143F9FF9139756270008ACE0 /* PopupViewTestAppDelegate.h */ = {isa = PBXFileReference; fileEncoding = 4; lastKnownFileType = sourcecode.c.h; name = PopupViewTestAppDelegate.h; path = PopupViewTest/PopupViewTestAppDelegate.h; sourceTree = SOURCE_ROOT; };
		143F9FFA139756270008ACE0 /* PopupViewTestAppDelegate.m */ = {isa = PBXFileReference; fileEncoding = 4; lastKnownFileType = sourcecode.c.objc; name = PopupViewTestAppDelegate.m; path = PopupViewTest/PopupViewTestAppDelegate.m; sourceTree = SOURCE_ROOT; };
		143F9FFB139756270008ACE0 /* PopupViewTestViewController.h */ = {isa = PBXFileReference; fileEncoding = 4; lastKnownFileType = sourcecode.c.h; name = PopupViewTestViewController.h; path = PopupViewTest/PopupViewTestViewController.h; sourceTree = SOURCE_ROOT; };
		143F9FFC139756270008ACE0 /* PopupViewTestViewController.m */ = {isa = PBXFileReference; fileEncoding = 4; lastKnownFileType = sourcecode.c.objc; name = PopupViewTestViewController.m; path = PopupViewTest/PopupViewTestViewController.m; sourceTree = SOURCE_ROOT; };
		143F9FFD139756270008ACE0 /* PopupViewTestViewController.xib */ = {isa = PBXFileReference; fileEncoding = 4; lastKnownFileType = file.xib; name = PopupViewTestViewController.xib; path = PopupViewTest/PopupViewTestViewController.xib; sourceTree = SOURCE_ROOT; };
		143FA0051397562D0008ACE0 /* SNPopupView.h */ = {isa = PBXFileReference; fileEncoding = 4; lastKnownFileType = sourcecode.c.h; path = SNPopupView.h; sourceTree = "<group>"; };
		143FA0061397562D0008ACE0 /* SNPopupView.m */ = {isa = PBXFileReference; fileEncoding = 4; lastKnownFileType = sourcecode.c.objc; path = SNPopupView.m; sourceTree = "<group>"; };
		1D30AB110D05D00D00671497 /* Foundation.framework */ = {isa = PBXFileReference; lastKnownFileType = wrapper.framework; name = Foundation.framework; path = System/Library/Frameworks/Foundation.framework; sourceTree = SDKROOT; };
		1D6058910D05DD3D006BFB54 /* PopupViewTest.app */ = {isa = PBXFileReference; explicitFileType = wrapper.application; includeInIndex = 0; path = PopupViewTest.app; sourceTree = BUILT_PRODUCTS_DIR; };
		1DF5F4DF0D08C38300B7A737 /* UIKit.framework */ = {isa = PBXFileReference; lastKnownFileType = wrapper.framework; name = UIKit.framework; path = System/Library/Frameworks/UIKit.framework; sourceTree = SDKROOT; };
		288765A40DF7441C002DB57D /* CoreGraphics.framework */ = {isa = PBXFileReference; lastKnownFileType = wrapper.framework; name = CoreGraphics.framework; path = System/Library/Frameworks/CoreGraphics.framework; sourceTree = SDKROOT; };
/* End PBXFileReference section */

/* Begin PBXFrameworksBuildPhase section */
		1D60588F0D05DD3D006BFB54 /* Frameworks */ = {
			isa = PBXFrameworksBuildPhase;
			buildActionMask = 2147483647;
			files = (
				1D60589F0D05DD5A006BFB54 /* Foundation.framework in Frameworks */,
				1DF5F4E00D08C38300B7A737 /* UIKit.framework in Frameworks */,
				288765A50DF7441C002DB57D /* CoreGraphics.framework in Frameworks */,
				1427AFDF127F02840082F84D /* QuartzCore.framework in Frameworks */,
			);
			runOnlyForDeploymentPostprocessing = 0;
		};
/* End PBXFrameworksBuildPhase section */

/* Begin PBXGroup section */
		080E96DDFE201D6D7F000001 /* Classes */ = {
			isa = PBXGroup;
			children = (
				143F9FF4139756270008ACE0 /* 2tchSmall.png */,
				143F9FF5139756270008ACE0 /* main.m */,
				143F9FF6139756270008ACE0 /* MainWindow.xib */,
				143F9FF7139756270008ACE0 /* PopupViewTest_Prefix.pch */,
				143F9FF8139756270008ACE0 /* PopupViewTest-Info.plist */,
				143F9FF9139756270008ACE0 /* PopupViewTestAppDelegate.h */,
				143F9FFA139756270008ACE0 /* PopupViewTestAppDelegate.m */,
				143F9FFB139756270008ACE0 /* PopupViewTestViewController.h */,
				143F9FFC139756270008ACE0 /* PopupViewTestViewController.m */,
				143F9FFD139756270008ACE0 /* PopupViewTestViewController.xib */,
			);
			path = Classes;
			sourceTree = "<group>";
		};
		19C28FACFE9D520D11CA2CBB /* Products */ = {
			isa = PBXGroup;
			children = (
				1D6058910D05DD3D006BFB54 /* PopupViewTest.app */,
			);
			name = Products;
			sourceTree = "<group>";
		};
		29B97314FDCFA39411CA2CEA /* CustomTemplate */ = {
			isa = PBXGroup;
			children = (
				143FA0051397562D0008ACE0 /* SNPopupView.h */,
				143FA0061397562D0008ACE0 /* SNPopupView.m */,
				080E96DDFE201D6D7F000001 /* Classes */,
				29B97315FDCFA39411CA2CEA /* Other Sources */,
				29B97317FDCFA39411CA2CEA /* Resources */,
				29B97323FDCFA39411CA2CEA /* Frameworks */,
				19C28FACFE9D520D11CA2CBB /* Products */,
			);
			name = CustomTemplate;
			sourceTree = "<group>";
		};
		29B97315FDCFA39411CA2CEA /* Other Sources */ = {
			isa = PBXGroup;
			children = (
			);
			name = "Other Sources";
			sourceTree = "<group>";
		};
		29B97317FDCFA39411CA2CEA /* Resources */ = {
			isa = PBXGroup;
			children = (
			);
			name = Resources;
			sourceTree = "<group>";
		};
		29B97323FDCFA39411CA2CEA /* Frameworks */ = {
			isa = PBXGroup;
			children = (
				1DF5F4DF0D08C38300B7A737 /* UIKit.framework */,
				1D30AB110D05D00D00671497 /* Foundation.framework */,
				288765A40DF7441C002DB57D /* CoreGraphics.framework */,
				1427AFDE127F02840082F84D /* QuartzCore.framework */,
			);
			name = Frameworks;
			sourceTree = "<group>";
		};
/* End PBXGroup section */

/* Begin PBXNativeTarget section */
		1D6058900D05DD3D006BFB54 /* PopupViewTest */ = {
			isa = PBXNativeTarget;
			buildConfigurationList = 1D6058960D05DD3E006BFB54 /* Build configuration list for PBXNativeTarget "PopupViewTest" */;
			buildPhases = (
				1D60588D0D05DD3D006BFB54 /* Resources */,
				1D60588E0D05DD3D006BFB54 /* Sources */,
				1D60588F0D05DD3D006BFB54 /* Frameworks */,
			);
			buildRules = (
			);
			dependencies = (
			);
			name = PopupViewTest;
			productName = PopupViewTest;
			productReference = 1D6058910D05DD3D006BFB54 /* PopupViewTest.app */;
			productType = "com.apple.product-type.application";
		};
/* End PBXNativeTarget section */

/* Begin PBXProject section */
		29B97313FDCFA39411CA2CEA /* Project object */ = {
			isa = PBXProject;
			buildConfigurationList = C01FCF4E08A954540054247B /* Build configuration list for PBXProject "PopupViewTest" */;
			compatibilityVersion = "Xcode 3.1";
			developmentRegion = English;
			hasScannedForEncodings = 1;
			knownRegions = (
				English,
				Japanese,
				French,
				German,
			);
			mainGroup = 29B97314FDCFA39411CA2CEA /* CustomTemplate */;
			projectDirPath = "";
			projectRoot = "";
			targets = (
				1D6058900D05DD3D006BFB54 /* PopupViewTest */,
			);
		};
/* End PBXProject section */

/* Begin PBXResourcesBuildPhase section */
		1D60588D0D05DD3D006BFB54 /* Resources */ = {
			isa = PBXResourcesBuildPhase;
			buildActionMask = 2147483647;
			files = (
				143F9FFE139756270008ACE0 /* 2tchSmall.png in Resources */,
				143FA000139756270008ACE0 /* MainWindow.xib in Resources */,
				143FA001139756270008ACE0 /* PopupViewTest-Info.plist in Resources */,
				143FA004139756270008ACE0 /* PopupViewTestViewController.xib in Resources */,
			);
			runOnlyForDeploymentPostprocessing = 0;
		};
/* End PBXResourcesBuildPhase section */

/* Begin PBXSourcesBuildPhase section */
		1D60588E0D05DD3D006BFB54 /* Sources */ = {
			isa = PBXSourcesBuildPhase;
			buildActionMask = 2147483647;
			files = (
				143F9FFF139756270008ACE0 /* main.m in Sources */,
				143FA002139756270008ACE0 /* PopupViewTestAppDelegate.m in Sources */,
				143FA003139756270008ACE0 /* PopupViewTestViewController.m in Sources */,
				143FA0071397562D0008ACE0 /* SNPopupView.m in Sources */,
			);
			runOnlyForDeploymentPostprocessing = 0;
		};
/* End PBXSourcesBuildPhase section */

/* Begin XCBuildConfiguration section */
		1D6058940D05DD3E006BFB54 /* Debug */ = {
			isa = XCBuildConfiguration;
			buildSettings = {
				ALWAYS_SEARCH_USER_PATHS = NO;
				COPY_PHASE_STRIP = NO;
				GCC_DYNAMIC_NO_PIC = NO;
				GCC_OPTIMIZATION_LEVEL = 0;
				GCC_PRECOMPILE_PREFIX_HEADER = YES;
				GCC_PREFIX_HEADER = ./PopupViewTest/PopupViewTest_Prefix.pch;
				INFOPLIST_FILE = "./PopupViewTest/PopupViewTest-Info.plist";
				PRODUCT_NAME = PopupViewTest;
			};
			name = Debug;
		};
		1D6058950D05DD3E006BFB54 /* Release */ = {
			isa = XCBuildConfiguration;
			buildSettings = {
				ALWAYS_SEARCH_USER_PATHS = NO;
				COPY_PHASE_STRIP = YES;
				GCC_PRECOMPILE_PREFIX_HEADER = YES;
				GCC_PREFIX_HEADER = ./PopupViewTest/PopupViewTest_Prefix.pch;
				INFOPLIST_FILE = "./PopupViewTest/PopupViewTest-Info.plist";
				PRODUCT_NAME = PopupViewTest;
				VALIDATE_PRODUCT = YES;
			};
			name = Release;
		};
		C01FCF4F08A954540054247B /* Debug */ = {
			isa = XCBuildConfiguration;
			buildSettings = {
				ARCHS = "$(ARCHS_STANDARD_32_BIT)";
				"CODE_SIGN_IDENTITY[sdk=iphoneos*]" = "iPhone Developer";
				GCC_C_LANGUAGE_STANDARD = c99;
				GCC_PREPROCESSOR_DEFINITIONS = _DEBUG;
				GCC_WARN_ABOUT_RETURN_TYPE = YES;
				GCC_WARN_UNUSED_VARIABLE = YES;
				PREBINDING = NO;
				SDKROOT = iphoneos;
			};
			name = Debug;
		};
		C01FCF5008A954540054247B /* Release */ = {
			isa = XCBuildConfiguration;
			buildSettings = {
				ARCHS = "$(ARCHS_STANDARD_32_BIT)";
				"CODE_SIGN_IDENTITY[sdk=iphoneos*]" = "iPhone Developer";
				GCC_C_LANGUAGE_STANDARD = c99;
				GCC_WARN_ABOUT_RETURN_TYPE = YES;
				GCC_WARN_UNUSED_VARIABLE = YES;
				OTHER_CFLAGS = "-DNS_BLOCK_ASSERTIONS=1";
				PREBINDING = NO;
				SDKROOT = iphoneos;
			};
			name = Release;
		};
/* End XCBuildConfiguration section */

/* Begin XCConfigurationList section */
		1D6058960D05DD3E006BFB54 /* Build configuration list for PBXNativeTarget "PopupViewTest" */ = {
			isa = XCConfigurationList;
			buildConfigurations = (
				1D6058940D05DD3E006BFB54 /* Debug */,
				1D6058950D05DD3E006BFB54 /* Release */,
			);
			defaultConfigurationIsVisible = 0;
			defaultConfigurationName = Release;
		};
		C01FCF4E08A954540054247B /* Build configuration list for PBXProject "PopupViewTest" */ = {
			isa = XCConfigurationList;
			buildConfigurations = (
				C01FCF4F08A954540054247B /* Debug */,
				C01FCF5008A954540054247B /* Release */,
			);
			defaultConfigurationIsVisible = 0;
			defaultConfigurationName = Release;
		};
/* End XCConfigurationList section */
	};
	rootObject = 29B97313FDCFA39411CA2CEA /* Project object */;
}
